{
  "version": 4,
  "terraform_version": "1.9.2",
  "serial": 4,
  "lineage": "10d85323-88dd-321e-f2e2-a00b8c8b4bb3",
  "outputs": {
    "bravo": {
      "value": "firstly-complete-gopher",
      "type": "string"
    }
  },
  "resources": [
    {
      "mode": "managed",
      "type": "random_pet",
      "name": "containernamerandom",
      "provider": "provider[\"registry.terraform.io/hashicorp/random\"]",
      "instances": [
        {
          "schema_version": 0,
          "attributes": {
            "id": "firstly-complete-gopher",
            "keepers": null,
            "length": 3,
            "prefix": null,
            "separator": "-"
          },
          "sensitive_attributes": []
        }
      ]
    }
  ],
  "check_results": null
}
